
Microsoft Visual Studio Solution File, Format Version 12.00
# Visual Studio 15
Project("{FAE04EC0-301F-11D3-BF4B-00C04F79EFBC}") = "Assembly-CSharp-Editor", "Assembly-CSharp-Editor.csproj", "{8A70EC9D-4E90-2A29-DDE1-A61A6421AE7F}"
EndProject
Project("{FAE04EC0-301F-11D3-BF4B-00C04F79EFBC}") = "Assembly-CSharp", "Assembly-CSharp.csproj", "{9F6C850D-0B69-8A24-7977-AD62CB164C94}"
EndProject
Global
	GlobalSection(SolutionConfigurationPlatforms) = preSolution
		Debug|Any CPU = Debug|Any CPU
		Release|Any CPU = Release|Any CPU
	EndGlobalSection
	GlobalSection(ProjectConfigurationPlatforms) = postSolution
		{8A70EC9D-4E90-2A29-DDE1-A61A6421AE7F}.Debug|Any CPU.ActiveCfg = Debug|Any CPU
		{8A70EC9D-4E90-2A29-DDE1-A61A6421AE7F}.Debug|Any CPU.Build.0 = Debug|Any CPU
		{8A70EC9D-4E90-2A29-DDE1-A61A6421AE7F}.Release|Any CPU.ActiveCfg = Release|Any CPU
		{8A70EC9D-4E90-2A29-DDE1-A61A6421AE7F}.Release|Any CPU.Build.0 = Release|Any CPU
		{9F6C850D-0B69-8A24-7977-AD62CB164C94}.Debug|Any CPU.ActiveCfg = Debug|Any CPU
		{9F6C850D-0B69-8A24-7977-AD62CB164C94}.Debug|Any CPU.Build.0 = Debug|Any CPU
		{9F6C850D-0B69-8A24-7977-AD62CB164C94}.Release|Any CPU.ActiveCfg = Release|Any CPU
		{9F6C850D-0B69-8A24-7977-AD62CB164C94}.Release|Any CPU.Build.0 = Release|Any CPU
	EndGlobalSection
	GlobalSection(SolutionProperties) = preSolution
		HideSolutionNode = FALSE
	EndGlobalSection
EndGlobal
